Microsoft Visual Studio Solution File, Format Version 12.00
# Visual Studio Version 17
VisualStudioVersion = 17.3.32505.426
MinimumVisualStudioVersion = 10.0.40219.1
Project("{2150E333-8FDC-42A3-9474-1A3956D46DE8}") = "items", "items", "{CB7C0476-18F3-4AD5-8ED1-C36413DCE00B}"
	ProjectSection(SolutionItems) = preProject
		..\.editorconfig = ..\.editorconfig
	EndProjectSection
EndProject
Project("{FAE04EC0-301F-11D3-BF4B-00C04F79EFBC}") = "UPbitSharp", "UPbitSharp\UPbitSharp.csproj", "{6FCFAE73-000E-413D-97BD-FDEB8AFA063B}"
EndProject
Global
	GlobalSection(SolutionConfigurationPlatforms) = preSolution
		Debug|Any CPU = Debug|Any CPU
		Release|Any CPU = Release|Any CPU
	EndGlobalSection
	GlobalSection(ProjectConfigurationPlatforms) = postSolution
		{6FCFAE73-000E-413D-97BD-FDEB8AFA063B}.Debug|Any CPU.ActiveCfg = Debug|Any CPU
		{6FCFAE73-000E-413D-97BD-FDEB8AFA063B}.Debug|Any CPU.Build.0 = Debug|Any CPU
		{6FCFAE73-000E-413D-97BD-FDEB8AFA063B}.Release|Any CPU.ActiveCfg = Release|Any CPU
		{6FCFAE73-000E-413D-97BD-FDEB8AFA063B}.Release|Any CPU.Build.0 = Release|Any CPU
	EndGlobalSection
	GlobalSection(SolutionProperties) = preSolution
		HideSolutionNode = FALSE
	EndGlobalSection
	GlobalSection(ExtensibilityGlobals) = postSolution
		SolutionGuid = {820D890D-2B30-43AC-B417-7AF3AB1947C8}
	EndGlobalSection
EndGlobal
